
Microsoft Visual Studio Solution File, Format Version 12.00
# Visual Studio Version 16
VisualStudioVersion = 16.0.32126.315
MinimumVisualStudioVersion = 10.0.40219.1
Project("{FAE04EC0-301F-11D3-BF4B-00C04F79EFBC}") = "HotelsGenerator", "HotelsGenerator\HotelsGenerator.csproj", "{7255DD12-6E72-4080-B023-BCFB1F118E87}"
EndProject
Project("{FAE04EC0-301F-11D3-BF4B-00C04F79EFBC}") = "Test", "Test\Test.csproj", "{1D915BD9-F584-4323-8F8E-B3F9FAFADEAF}"
EndProject
Global
	GlobalSection(SolutionConfigurationPlatforms) = preSolution
		Debug|Any CPU = Debug|Any CPU
		Release|Any CPU = Release|Any CPU
	EndGlobalSection
	GlobalSection(ProjectConfigurationPlatforms) = postSolution
		{7255DD12-6E72-4080-B023-BCFB1F118E87}.Debug|Any CPU.ActiveCfg = Debug|Any CPU
		{7255DD12-6E72-4080-B023-BCFB1F118E87}.Debug|Any CPU.Build.0 = Debug|Any CPU
		{7255DD12-6E72-4080-B023-BCFB1F118E87}.Release|Any CPU.ActiveCfg = Release|Any CPU
		{7255DD12-6E72-4080-B023-BCFB1F118E87}.Release|Any CPU.Build.0 = Release|Any CPU
		{1D915BD9-F584-4323-8F8E-B3F9FAFADEAF}.Debug|Any CPU.ActiveCfg = Debug|Any CPU
		{1D915BD9-F584-4323-8F8E-B3F9FAFADEAF}.Debug|Any CPU.Build.0 = Debug|Any CPU
		{1D915BD9-F584-4323-8F8E-B3F9FAFADEAF}.Release|Any CPU.ActiveCfg = Release|Any CPU
		{1D915BD9-F584-4323-8F8E-B3F9FAFADEAF}.Release|Any CPU.Build.0 = Release|Any CPU
	EndGlobalSection
	GlobalSection(SolutionProperties) = preSolution
		HideSolutionNode = FALSE
	EndGlobalSection
	GlobalSection(ExtensibilityGlobals) = postSolution
		SolutionGuid = {57A52246-8178-43CE-AEC5-62928779DC1B}
	EndGlobalSection
EndGlobal
